
Microsoft Visual Studio Solution File, Format Version 12.00
# Visual Studio Version 17
VisualStudioVersion = 17.3.32901.215
MinimumVisualStudioVersion = 10.0.40219.1
Project("{9A19103F-16F7-4668-BE54-9A1E7A4F7556}") = "BusinessDomain", "BusinessDomain\BusinessDomain.csproj", "{E7F9ED6B-448D-41DF-9FE7-360CE41DDCDD}"
EndProject
Project("{9A19103F-16F7-4668-BE54-9A1E7A4F7556}") = "Console", "Console\Console.csproj", "{BED4EC0C-38A2-4F93-9B30-CDB05F0A8D04}"
EndProject
Project("{FAE04EC0-301F-11D3-BF4B-00C04F79EFBC}") = "Tests", "Tests\Tests.csproj", "{97E0D8BF-88B5-4F3C-A3E8-604A51CE3D72}"
EndProject
Global
	GlobalSection(SolutionConfigurationPlatforms) = preSolution
		Debug|Any CPU = Debug|Any CPU
		Release|Any CPU = Release|Any CPU
	EndGlobalSection
	GlobalSection(ProjectConfigurationPlatforms) = postSolution
		{E7F9ED6B-448D-41DF-9FE7-360CE41DDCDD}.Debug|Any CPU.ActiveCfg = Debug|Any CPU
		{E7F9ED6B-448D-41DF-9FE7-360CE41DDCDD}.Debug|Any CPU.Build.0 = Debug|Any CPU
		{E7F9ED6B-448D-41DF-9FE7-360CE41DDCDD}.Release|Any CPU.ActiveCfg = Release|Any CPU
		{E7F9ED6B-448D-41DF-9FE7-360CE41DDCDD}.Release|Any CPU.Build.0 = Release|Any CPU
		{BED4EC0C-38A2-4F93-9B30-CDB05F0A8D04}.Debug|Any CPU.ActiveCfg = Debug|Any CPU
		{BED4EC0C-38A2-4F93-9B30-CDB05F0A8D04}.Debug|Any CPU.Build.0 = Debug|Any CPU
		{BED4EC0C-38A2-4F93-9B30-CDB05F0A8D04}.Release|Any CPU.ActiveCfg = Release|Any CPU
		{BED4EC0C-38A2-4F93-9B30-CDB05F0A8D04}.Release|Any CPU.Build.0 = Release|Any CPU
		{97E0D8BF-88B5-4F3C-A3E8-604A51CE3D72}.Debug|Any CPU.ActiveCfg = Debug|Any CPU
		{97E0D8BF-88B5-4F3C-A3E8-604A51CE3D72}.Debug|Any CPU.Build.0 = Debug|Any CPU
		{97E0D8BF-88B5-4F3C-A3E8-604A51CE3D72}.Release|Any CPU.ActiveCfg = Release|Any CPU
		{97E0D8BF-88B5-4F3C-A3E8-604A51CE3D72}.Release|Any CPU.Build.0 = Release|Any CPU
	EndGlobalSection
	GlobalSection(SolutionProperties) = preSolution
		HideSolutionNode = FALSE
	EndGlobalSection
	GlobalSection(ExtensibilityGlobals) = postSolution
		SolutionGuid = {7D064A39-B45E-4822-8CAB-080CF3A4A097}
	EndGlobalSection
EndGlobal
